
Microsoft Visual Studio Solution File, Format Version 12.00
# Visual Studio Version 16
VisualStudioVersion = 16.0.32002.261
MinimumVisualStudioVersion = 10.0.40219.1
Project("{FAE04EC0-301F-11D3-BF4B-00C04F79EFBC}") = "Task14.3.3", "Task14.3.3\Task14.3.3.csproj", "{6AB8027D-B035-47BC-8AA8-D78CB923A54E}"
EndProject
Global
	GlobalSection(SolutionConfigurationPlatforms) = preSolution
		Debug|Any CPU = Debug|Any CPU
		Release|Any CPU = Release|Any CPU
	EndGlobalSection
	GlobalSection(ProjectConfigurationPlatforms) = postSolution
		{6AB8027D-B035-47BC-8AA8-D78CB923A54E}.Debug|Any CPU.ActiveCfg = Debug|Any CPU
		{6AB8027D-B035-47BC-8AA8-D78CB923A54E}.Debug|Any CPU.Build.0 = Debug|Any CPU
		{6AB8027D-B035-47BC-8AA8-D78CB923A54E}.Release|Any CPU.ActiveCfg = Release|Any CPU
		{6AB8027D-B035-47BC-8AA8-D78CB923A54E}.Release|Any CPU.Build.0 = Release|Any CPU
	EndGlobalSection
	GlobalSection(SolutionProperties) = preSolution
		HideSolutionNode = FALSE
	EndGlobalSection
	GlobalSection(ExtensibilityGlobals) = postSolution
		SolutionGuid = {49975ADC-6204-4213-8583-9E5DEA70173E}
	EndGlobalSection
EndGlobal
